dependencies:
  solid-js: 0.22.8
devDependencies:
  '@babel/core': 7.12.9
  '@babel/preset-typescript': 7.12.7_@babel+core@7.12.9
  '@babel/types': 7.12.7
  '@rollup/plugin-babel': 5.2.1_@babel+core@7.12.9+rollup@2.34.0
  '@rollup/plugin-node-resolve': 10.0.0_rollup@2.34.0
  '@types/dedent': 0.7.0
  '@types/degit': 2.8.0
  '@types/fs-extra': 9.0.4
  babel-preset-solid: 0.22.7_@babel+core@7.12.9
  change-case: 4.1.1
  dedent: 0.7.0
  degit: 2.8.0
  fs-extra: 9.0.1
  jiti: 0.1.17
  rollup: 2.34.0
  rollup-plugin-delete: 2.0.0
  rollup-plugin-terser: 7.0.2_rollup@2.34.0
  typescript: 4.1.2
lockfileVersion: 5.2
packages:
  /@babel/code-frame/7.10.4:
    dependencies:
      '@babel/highlight': 7.10.4
    dev: true
    resolution:
      integrity: sha512-vG6SvB6oYEhvgisZNFRmRCUkLz11c7rp+tbNTynGqc6mS1d5ATd/sGyV6W0KZZnXRKMTzZDRgQT3Ou9jhpAfUg==
  /@babel/core/7.12.9:
    dependencies:
      '@babel/code-frame': 7.10.4
      '@babel/generator': 7.12.5
      '@babel/helper-module-transforms': 7.12.1
      '@babel/helpers': 7.12.5
      '@babel/parser': 7.12.7
      '@babel/template': 7.12.7
      '@babel/traverse': 7.12.9
      '@babel/types': 7.12.7
      convert-source-map: 1.7.0
      debug: 4.3.1
      gensync: 1.0.0-beta.2
      json5: 2.1.3
      lodash: 4.17.20
      resolve: 1.19.0
      semver: 5.7.1
      source-map: 0.5.7
    dev: true
    engines:
      node: '>=6.9.0'
    resolution:
      integrity: sha512-gTXYh3M5wb7FRXQy+FErKFAv90BnlOuNn1QkCK2lREoPAjrQCO49+HVSrFoe5uakFAF5eenS75KbO2vQiLrTMQ==
  /@babel/generator/7.12.5:
    dependencies:
      '@babel/types': 7.12.7
      jsesc: 2.5.2
      source-map: 0.5.7
    dev: true
    resolution:
      integrity: sha512-m16TQQJ8hPt7E+OS/XVQg/7U184MLXtvuGbCdA7na61vha+ImkyyNM/9DDA0unYCVZn3ZOhng+qz48/KBOT96A==
  /@babel/helper-create-class-features-plugin/7.12.1_@babel+core@7.12.9:
    dependencies:
      '@babel/core': 7.12.9
      '@babel/helper-function-name': 7.10.4
      '@babel/helper-member-expression-to-functions': 7.12.7
      '@babel/helper-optimise-call-expression': 7.12.7
      '@babel/helper-replace-supers': 7.12.5
      '@babel/helper-split-export-declaration': 7.11.0
    dev: true
    peerDependencies:
      '@babel/core': ^7.0.0
    resolution:
      integrity: sha512-hkL++rWeta/OVOBTRJc9a5Azh5mt5WgZUGAKMD8JM141YsE08K//bp1unBBieO6rUKkIPyUE0USQ30jAy3Sk1w==
  /@babel/helper-function-name/7.10.4:
    dependencies:
      '@babel/helper-get-function-arity': 7.10.4
      '@babel/template': 7.12.7
      '@babel/types': 7.12.7
    dev: true
    resolution:
      integrity: sha512-YdaSyz1n8gY44EmN7x44zBn9zQ1Ry2Y+3GTA+3vH6Mizke1Vw0aWDM66FOYEPw8//qKkmqOckrGgTYa+6sceqQ==
  /@babel/helper-get-function-arity/7.10.4:
    dependencies:
      '@babel/types': 7.12.7
    dev: true
    resolution:
      integrity: sha512-EkN3YDB+SRDgiIUnNgcmiD361ti+AVbL3f3Henf6dqqUyr5dMsorno0lJWJuLhDhkI5sYEpgj6y9kB8AOU1I2A==
  /@babel/helper-member-expression-to-functions/7.12.7:
    dependencies:
      '@babel/types': 7.12.7
    dev: true
    resolution:
      integrity: sha512-DCsuPyeWxeHgh1Dus7APn7iza42i/qXqiFPWyBDdOFtvS581JQePsc1F/nD+fHrcswhLlRc2UpYS1NwERxZhHw==
  /@babel/helper-module-imports/7.12.5:
    dependencies:
      '@babel/types': 7.12.7
    dev: true
    resolution:
      integrity: sha512-SR713Ogqg6++uexFRORf/+nPXMmWIn80TALu0uaFb+iQIUoR7bOC7zBWyzBs5b3tBBJXuyD0cRu1F15GyzjOWA==
  /@babel/helper-module-transforms/7.12.1:
    dependencies:
      '@babel/helper-module-imports': 7.12.5
      '@babel/helper-replace-supers': 7.12.5
      '@babel/helper-simple-access': 7.12.1
      '@babel/helper-split-export-declaration': 7.11.0
      '@babel/helper-validator-identifier': 7.10.4
      '@babel/template': 7.12.7
      '@babel/traverse': 7.12.9
      '@babel/types': 7.12.7
      lodash: 4.17.20
    dev: true
    resolution:
      integrity: sha512-QQzehgFAZ2bbISiCpmVGfiGux8YVFXQ0abBic2Envhej22DVXV9nCFaS5hIQbkyo1AdGb+gNME2TSh3hYJVV/w==
  /@babel/helper-optimise-call-expression/7.12.7:
    dependencies:
      '@babel/types': 7.12.7
    dev: true
    resolution:
      integrity: sha512-I5xc9oSJ2h59OwyUqjv95HRyzxj53DAubUERgQMrpcCEYQyToeHA+NEcUEsVWB4j53RDeskeBJ0SgRAYHDBckw==
  /@babel/helper-plugin-utils/7.10.4:
    dev: true
    resolution:
      integrity: sha512-O4KCvQA6lLiMU9l2eawBPMf1xPP8xPfB3iEQw150hOVTqj/rfXz0ThTb4HEzqQfs2Bmo5Ay8BzxfzVtBrr9dVg==
  /@babel/helper-replace-supers/7.12.5:
    dependencies:
      '@babel/helper-member-expression-to-functions': 7.12.7
      '@babel/helper-optimise-call-expression': 7.12.7
      '@babel/traverse': 7.12.9
      '@babel/types': 7.12.7
    dev: true
    resolution:
      integrity: sha512-5YILoed0ZyIpF4gKcpZitEnXEJ9UoDRki1Ey6xz46rxOzfNMAhVIJMoune1hmPVxh40LRv1+oafz7UsWX+vyWA==
  /@babel/helper-simple-access/7.12.1:
    dependencies:
      '@babel/types': 7.12.7
    dev: true
    resolution:
      integrity: sha512-OxBp7pMrjVewSSC8fXDFrHrBcJATOOFssZwv16F3/6Xtc138GHybBfPbm9kfiqQHKhYQrlamWILwlDCeyMFEaA==
  /@babel/helper-split-export-declaration/7.11.0:
    dependencies:
      '@babel/types': 7.12.7
    dev: true
    resolution:
      integrity: sha512-74Vejvp6mHkGE+m+k5vHY93FX2cAtrw1zXrZXRlG4l410Nm9PxfEiVTn1PjDPV5SnmieiueY4AFg2xqhNFuuZg==
  /@babel/helper-validator-identifier/7.10.4:
    dev: true
    resolution:
      integrity: sha512-3U9y+43hz7ZM+rzG24Qe2mufW5KhvFg/NhnNph+i9mgCtdTCtMJuI1TMkrIUiK7Ix4PYlRF9I5dhqaLYA/ADXw==
  /@babel/helper-validator-option/7.12.1:
    dev: true
    resolution:
      integrity: sha512-YpJabsXlJVWP0USHjnC/AQDTLlZERbON577YUVO/wLpqyj6HAtVYnWaQaN0iUN+1/tWn3c+uKKXjRut5115Y2A==
  /@babel/helpers/7.12.5:
    dependencies:
      '@babel/template': 7.12.7
      '@babel/traverse': 7.12.9
      '@babel/types': 7.12.7
    dev: true
    resolution:
      integrity: sha512-lgKGMQlKqA8meJqKsW6rUnc4MdUk35Ln0ATDqdM1a/UpARODdI4j5Y5lVfUScnSNkJcdCRAaWkspykNoFg9sJA==
  /@babel/highlight/7.10.4:
    dependencies:
      '@babel/helper-validator-identifier': 7.10.4
      chalk: 2.4.2
      js-tokens: 4.0.0
    dev: true
    resolution:
      integrity: sha512-i6rgnR/YgPEQzZZnbTHHuZdlE8qyoBNalD6F+q4vAFlcMEcqmkoG+mPqJYJCo63qPf74+Y1UZsl3l6f7/RIkmA==
  /@babel/parser/7.12.7:
    dev: true
    engines:
      node: '>=6.0.0'
    hasBin: true
    resolution:
      integrity: sha512-oWR02Ubp4xTLCAqPRiNIuMVgNO5Aif/xpXtabhzW2HWUD47XJsAB4Zd/Rg30+XeQA3juXigV7hlquOTmwqLiwg==
  /@babel/plugin-syntax-jsx/7.12.1_@babel+core@7.12.9:
    dependencies:
      '@babel/core': 7.12.9
      '@babel/helper-plugin-utils': 7.10.4
    dev: true
    peerDependencies:
      '@babel/core': ^7.0.0-0
    resolution:
      integrity: sha512-1yRi7yAtB0ETgxdY9ti/p2TivUxJkTdhu/ZbF9MshVGqOx1TdB3b7xCXs49Fupgg50N45KcAsRP/ZqWjs9SRjg==
  /@babel/plugin-syntax-typescript/7.12.1_@babel+core@7.12.9:
    dependencies:
      '@babel/core': 7.12.9
      '@babel/helper-plugin-utils': 7.10.4
    dev: true
    peerDependencies:
      '@babel/core': ^7.0.0-0
    resolution:
      integrity: sha512-UZNEcCY+4Dp9yYRCAHrHDU+9ZXLYaY9MgBXSRLkB9WjYFRR6quJBumfVrEkUxrePPBwFcpWfNKXqVRQQtm7mMA==
  /@babel/plugin-transform-typescript/7.12.1_@babel+core@7.12.9:
    dependencies:
      '@babel/core': 7.12.9
      '@babel/helper-create-class-features-plugin': 7.12.1_@babel+core@7.12.9
      '@babel/helper-plugin-utils': 7.10.4
      '@babel/plugin-syntax-typescript': 7.12.1_@babel+core@7.12.9
    dev: true
    peerDependencies:
      '@babel/core': ^7.0.0-0
    resolution:
      integrity: sha512-VrsBByqAIntM+EYMqSm59SiMEf7qkmI9dqMt6RbD/wlwueWmYcI0FFK5Fj47pP6DRZm+3teXjosKlwcZJ5lIMw==
  /@babel/preset-typescript/7.12.7_@babel+core@7.12.9:
    dependencies:
      '@babel/core': 7.12.9
      '@babel/helper-plugin-utils': 7.10.4
      '@babel/helper-validator-option': 7.12.1
      '@babel/plugin-transform-typescript': 7.12.1_@babel+core@7.12.9
    dev: true
    peerDependencies:
      '@babel/core': ^7.0.0-0
    resolution:
      integrity: sha512-nOoIqIqBmHBSEgBXWR4Dv/XBehtIFcw9PqZw6rFYuKrzsZmOQm3PR5siLBnKZFEsDb03IegG8nSjU/iXXXYRmw==
  /@babel/template/7.12.7:
    dependencies:
      '@babel/code-frame': 7.10.4
      '@babel/parser': 7.12.7
      '@babel/types': 7.12.7
    dev: true
    resolution:
      integrity: sha512-GkDzmHS6GV7ZeXfJZ0tLRBhZcMcY0/Lnb+eEbXDBfCAcZCjrZKe6p3J4we/D24O9Y8enxWAg1cWwof59yLh2ow==
  /@babel/traverse/7.12.9:
    dependencies:
      '@babel/code-frame': 7.10.4
      '@babel/generator': 7.12.5
      '@babel/helper-function-name': 7.10.4
      '@babel/helper-split-export-declaration': 7.11.0
      '@babel/parser': 7.12.7
      '@babel/types': 7.12.7
      debug: 4.3.1
      globals: 11.12.0
      lodash: 4.17.20
    dev: true
    resolution:
      integrity: sha512-iX9ajqnLdoU1s1nHt36JDI9KG4k+vmI8WgjK5d+aDTwQbL2fUnzedNedssA645Ede3PM2ma1n8Q4h2ohwXgMXw==
  /@babel/types/7.12.7:
    dependencies:
      '@babel/helper-validator-identifier': 7.10.4
      lodash: 4.17.20
      to-fast-properties: 2.0.0
    dev: true
    resolution:
      integrity: sha512-MNyI92qZq6jrQkXvtIiykvl4WtoRrVV9MPn+ZfsoEENjiWcBQ3ZSHrkxnJWgWtLX3XXqX5hrSQ+X69wkmesXuQ==
  /@nodelib/fs.scandir/2.1.3:
    dependencies:
      '@nodelib/fs.stat': 2.0.3
      run-parallel: 1.1.10
    dev: true
    engines:
      node: '>= 8'
    resolution:
      integrity: sha512-eGmwYQn3gxo4r7jdQnkrrN6bY478C3P+a/y72IJukF8LjB6ZHeB3c+Ehacj3sYeSmUXGlnA67/PmbM9CVwL7Dw==
  /@nodelib/fs.stat/2.0.3:
    dev: true
    engines:
      node: '>= 8'
    resolution:
      integrity: sha512-bQBFruR2TAwoevBEd/NWMoAAtNGzTRgdrqnYCc7dhzfoNvqPzLyqlEQnzZ3kVnNrSp25iyxE00/3h2fqGAGArA==
  /@nodelib/fs.walk/1.2.4:
    dependencies:
      '@nodelib/fs.scandir': 2.1.3
      fastq: 1.9.0
    dev: true
    engines:
      node: '>= 8'
    resolution:
      integrity: sha512-1V9XOY4rDW0rehzbrcqAmHnz8e7SKvX27gh8Gt2WgB0+pdzdiLV83p72kZPU+jvMbS1qU5mauP2iOvO8rhmurQ==
  /@rollup/plugin-babel/5.2.1_@babel+core@7.12.9+rollup@2.34.0:
    dependencies:
      '@babel/core': 7.12.9
      '@babel/helper-module-imports': 7.12.5
      '@rollup/pluginutils': 3.1.0_rollup@2.34.0
      rollup: 2.34.0
    dev: true
    engines:
      node: '>= 10.0.0'
    peerDependencies:
      '@babel/core': ^7.0.0
      '@types/babel__core': ^7.1.9
      rollup: ^1.20.0||^2.0.0
    peerDependenciesMeta:
      '@types/babel__core':
        optional: true
    resolution:
      integrity: sha512-Jd7oqFR2dzZJ3NWANDyBjwTtX/lYbZpVcmkHrfQcpvawHs9E4c0nYk5U2mfZ6I/DZcIvy506KZJi54XK/jxH7A==
  /@rollup/plugin-node-resolve/10.0.0_rollup@2.34.0:
    dependencies:
      '@rollup/pluginutils': 3.1.0_rollup@2.34.0
      '@types/resolve': 1.17.1
      builtin-modules: 3.1.0
      deepmerge: 4.2.2
      is-module: 1.0.0
      resolve: 1.19.0
      rollup: 2.34.0
    dev: true
    engines:
      node: '>= 10.0.0'
    peerDependencies:
      rollup: ^1.20.0||^2.0.0
    resolution:
      integrity: sha512-sNijGta8fqzwA1VwUEtTvWCx2E7qC70NMsDh4ZG13byAXYigBNZMxALhKUSycBks5gupJdq0lFrKumFrRZ8H3A==
  /@rollup/pluginutils/3.1.0_rollup@2.34.0:
    dependencies:
      '@types/estree': 0.0.39
      estree-walker: 1.0.1
      picomatch: 2.2.2
      rollup: 2.34.0
    dev: true
    engines:
      node: '>= 8.0.0'
    peerDependencies:
      rollup: ^1.20.0||^2.0.0
    resolution:
      integrity: sha512-GksZ6pr6TpIjHm8h9lSQ8pi8BE9VeubNT0OMJ3B5uZJ8pz73NPiqOtCog/x2/QzM1ENChPKxMDhiQuRHsqc+lg==
  /@types/dedent/0.7.0:
    dev: true
    resolution:
      integrity: sha512-EGlKlgMhnLt/cM4DbUSafFdrkeJoC9Mvnj0PUCU7tFmTjMjNRT957kXCx0wYm3JuEq4o4ZsS5vG+NlkM2DMd2A==
  /@types/degit/2.8.0:
    dev: true
    resolution:
      integrity: sha512-ItZRzGAgbxxWCphgo4GAYi5onWtEnuJzODX8xvTAYPVLAoQe+CjxfEMr1N7G27wCVFma6K0iKTfxRQ2N2A/Mjw==
  /@types/estree/0.0.39:
    dev: true
    resolution:
      integrity: sha512-EYNwp3bU+98cpU4lAWYYL7Zz+2gryWH1qbdDTidVd6hkiR6weksdbMadyXKXNPEkQFhXM+hVO9ZygomHXp+AIw==
  /@types/fs-extra/9.0.4:
    dependencies:
      '@types/node': 14.14.10
    dev: true
    resolution:
      integrity: sha512-50GO5ez44lxK5MDH90DYHFFfqxH7+fTqEEnvguQRzJ/tY9qFrMSHLiYHite+F3SNmf7+LHC1eMXojuD+E3Qcyg==
  /@types/glob/7.1.3:
    dependencies:
      '@types/minimatch': 3.0.3
      '@types/node': 14.14.10
    dev: true
    resolution:
      integrity: sha512-SEYeGAIQIQX8NN6LDKprLjbrd5dARM5EXsd8GI/A5l0apYI1fGMWgPHSe4ZKL4eozlAyI+doUE9XbYS4xCkQ1w==
  /@types/minimatch/3.0.3:
    dev: true
    resolution:
      integrity: sha512-tHq6qdbT9U1IRSGf14CL0pUlULksvY9OZ+5eEgl1N7t+OA3tGvNpxJCzuKQlsNgCVwbAs670L1vcVQi8j9HjnA==
  /@types/node/14.14.10:
    dev: true
    resolution:
      integrity: sha512-J32dgx2hw8vXrSbu4ZlVhn1Nm3GbeCFNw2FWL8S5QKucHGY0cyNwjdQdO+KMBZ4wpmC7KhLCiNsdk1RFRIYUQQ==
  /@types/resolve/1.17.1:
    dependencies:
      '@types/node': 14.14.10
    dev: true
    resolution:
      integrity: sha512-yy7HuzQhj0dhGpD8RLXSZWEkLsV9ibvxvi6EiJ3bkqLAO1RGo0WbkWQiwpRlSFymTJRz0d3k5LM3kkx8ArDbLw==
  /aggregate-error/3.1.0:
    dependencies:
      clean-stack: 2.2.0
      indent-string: 4.0.0
    dev: true
    engines:
      node: '>=8'
    resolution:
      integrity: sha512-4I7Td01quW/RpocfNayFdFVk1qSuoh0E7JrbRJ16nH01HhKFQ88INq9Sd+nd72zqRySlr9BmDA8xlEJ6vJMrYA==
  /ansi-styles/3.2.1:
    dependencies:
      color-convert: 1.9.3
    dev: true
    engines:
      node: '>=4'
    resolution:
      integrity: sha512-VT0ZI6kZRdTh8YyJw3SMbYm/u+NqfsAxEpWO0Pf9sq8/e94WxxOpPKx9FR1FlyCtOVDNOQ+8ntlqFxiRc+r5qA==
  /array-union/2.1.0:
    dev: true
    engines:
      node: '>=8'
    resolution:
      integrity: sha512-HGyxoOTYUyCM6stUe6EJgnd4EoewAI7zMdfqO+kGjnlZmBDz/cR5pf8r/cR4Wq60sL/p0IkcjUEEPwS3GFrIyw==
  /at-least-node/1.0.0:
    dev: true
    engines:
      node: '>= 4.0.0'
    resolution:
      integrity: sha512-+q/t7Ekv1EDY2l6Gda6LLiX14rU9TV20Wa3ofeQmwPFZbOMo9DXrLbOjFaaclkXKWidIaopwAObQDqwWtGUjqg==
  /babel-plugin-jsx-dom-expressions/0.23.5_@babel+core@7.12.9:
    dependencies:
      '@babel/helper-module-imports': 7.12.5
      '@babel/plugin-syntax-jsx': 7.12.1_@babel+core@7.12.9
      '@babel/types': 7.12.7
    dev: true
    peerDependencies:
      '@babel/core': '*'
    resolution:
      integrity: sha512-fO/HmBMaRF8zlPTB1bFASRwqwpdaVMr2gnwGOT8z99lrpBNCnaJPhE/6LlgTG+6/GD6U+B6+pbUogwG2eRO72w==
  /babel-preset-solid/0.22.7_@babel+core@7.12.9:
    dependencies:
      babel-plugin-jsx-dom-expressions: 0.23.5_@babel+core@7.12.9
    dev: true
    peerDependencies:
      '@babel/core': '*'
    resolution:
      integrity: sha512-MAIt+wJeI+xfEUHBe3V9o87+slvq4JMwEmNt7mrKN+XxvNg6hOpwo997Im2vR2N5vunYBat4YsWVfN5nQuRCpQ==
  /balanced-match/1.0.0:
    dev: true
    resolution:
      integrity: sha1-ibTRmasr7kneFk6gK4nORi1xt2c=
  /brace-expansion/1.1.11:
    dependencies:
      balanced-match: 1.0.0
      concat-map: 0.0.1
    dev: true
    resolution:
      integrity: sha512-iCuPHDFgrHX7H2vEI/5xpz07zSHB00TpugqhmYtVmMO6518mCuRMoOYFldEBl0g187ufozdaHgWKcYFb61qGiA==
  /braces/3.0.2:
    dependencies:
      fill-range: 7.0.1
    dev: true
    engines:
      node: '>=8'
    resolution:
      integrity: sha512-b8um+L1RzM3WDSzvhm6gIz1yfTbBt6YTlcEKAvsmqCZZFw46z626lVj9j1yEPW33H5H+lBQpZMP1k8l+78Ha0A==
  /buffer-from/1.1.1:
    dev: true
    resolution:
      integrity: sha512-MQcXEUbCKtEo7bhqEs6560Hyd4XaovZlO/k9V3hjVUF/zwW7KBVdSK4gIt/bzwS9MbR5qob+F5jusZsb0YQK2A==
  /builtin-modules/3.1.0:
    dev: true
    engines:
      node: '>=6'
    resolution:
      integrity: sha512-k0KL0aWZuBt2lrxrcASWDfwOLMnodeQjodT/1SxEQAXsHANgo6ZC/VEaSEHCXt7aSTZ4/4H5LKa+tBXmW7Vtvw==
  /camel-case/4.1.1:
    dependencies:
      pascal-case: 3.1.1
      tslib: 1.14.1
    dev: true
    resolution:
      integrity: sha512-7fa2WcG4fYFkclIvEmxBbTvmibwF2/agfEBc6q3lOpVu0A13ltLsA+Hr/8Hp6kp5f+G7hKi6t8lys6XxP+1K6Q==
  /capital-case/1.0.3:
    dependencies:
      no-case: 3.0.3
      tslib: 1.14.1
      upper-case-first: 2.0.1
    dev: true
    resolution:
      integrity: sha512-OlUSJpUr7SY0uZFOxcwnDOU7/MpHlKTZx2mqnDYQFrDudXLFm0JJ9wr/l4csB+rh2Ug0OPuoSO53PqiZBqno9A==
  /chalk/2.4.2:
    dependencies:
      ansi-styles: 3.2.1
      escape-string-regexp: 1.0.5
      supports-color: 5.5.0
    dev: true
    engines:
      node: '>=4'
    resolution:
      integrity: sha512-Mti+f9lpJNcwF4tWV8/OrTTtF1gZi+f8FqlyAdouralcFWFQWF2+NgCHShjkCb+IFBLq9buZwE1xckQU4peSuQ==
  /change-case/4.1.1:
    dependencies:
      camel-case: 4.1.1
      capital-case: 1.0.3
      constant-case: 3.0.3
      dot-case: 3.0.3
      header-case: 2.0.3
      no-case: 3.0.3
      param-case: 3.0.3
      pascal-case: 3.1.1
      path-case: 3.0.3
      sentence-case: 3.0.3
      snake-case: 3.0.3
      tslib: 1.14.1
    dev: true
    resolution:
      integrity: sha512-qRlUWn/hXnX1R1LBDF/RelJLiqNjKjUqlmuBVSEIyye8kq49CXqkZWKmi8XeUAdDXWFOcGLUMZ+aHn3Q5lzUXw==
  /clean-stack/2.2.0:
    dev: true
    engines:
      node: '>=6'
    resolution:
      integrity: sha512-4diC9HaTE+KRAMWhDhrGOECgWZxoevMc5TlkObMqNSsVU62PYzXZ/SMTjzyGAFF1YusgxGcSWTEXBhp0CPwQ1A==
  /color-convert/1.9.3:
    dependencies:
      color-name: 1.1.3
    dev: true
    resolution:
      integrity: sha512-QfAUtd+vFdAtFQcC8CCyYt1fYWxSqAiK2cSD6zDB8N3cpsEBAvRxp9zOGg6G/SHHJYAT88/az/IuDGALsNVbGg==
  /color-name/1.1.3:
    dev: true
    resolution:
      integrity: sha1-p9BVi9icQveV3UIyj3QIMcpTvCU=
  /commander/2.20.3:
    dev: true
    resolution:
      integrity: sha512-GpVkmM8vF2vQUkj2LvZmD35JxeJOLCwJ9cUkugyk2nuhbv3+mJvpLYYt+0+USMxE+oj+ey/lJEnhZw75x/OMcQ==
  /concat-map/0.0.1:
    dev: true
    resolution:
      integrity: sha1-2Klr13/Wjfd5OnMDajug1UBdR3s=
  /constant-case/3.0.3:
    dependencies:
      no-case: 3.0.3
      tslib: 1.14.1
      upper-case: 2.0.1
    dev: true
    resolution:
      integrity: sha512-FXtsSnnrFYpzDmvwDGQW+l8XK3GV1coLyBN0eBz16ZUzGaZcT2ANVCJmLeuw2GQgxKHQIe9e0w2dzkSfaRlUmA==
  /convert-source-map/1.7.0:
    dependencies:
      safe-buffer: 5.1.2
    dev: true
    resolution:
      integrity: sha512-4FJkXzKXEDB1snCFZlLP4gpC3JILicCpGbzG9f9G7tGqGCzETQ2hWPrcinA9oU4wtf2biUaEH5065UnMeR33oA==
  /debug/4.3.1:
    dependencies:
      ms: 2.1.2
    dev: true
    engines:
      node: '>=6.0'
    peerDependencies:
      supports-color: '*'
    peerDependenciesMeta:
      supports-color:
        optional: true
    resolution:
      integrity: sha512-doEwdvm4PCeK4K3RQN2ZC2BYUBaxwLARCqZmMjtF8a51J2Rb0xpVloFRnCODwqjpwnAoao4pelN8l3RJdv3gRQ==
  /dedent/0.7.0:
    dev: true
    resolution:
      integrity: sha1-JJXduvbrh0q7Dhvp3yLS5aVEMmw=
  /deepmerge/4.2.2:
    dev: true
    engines:
      node: '>=0.10.0'
    resolution:
      integrity: sha512-FJ3UgI4gIl+PHZm53knsuSFpE+nESMr7M4v9QcgB7S63Kj/6WqMiFQJpBBYz1Pt+66bZpP3Q7Lye0Oo9MPKEdg==
  /degit/2.8.0:
    dev: true
    engines:
      node: '>=8.0.0'
    hasBin: true
    resolution:
      integrity: sha512-nxQr1Ep4NSGDIqQ3HSMNgnPYaxPfPhHdrpgSNO2EczO86zN7NJJ1i/59GM25vgC45ANQUazZ/3Z+iyeZCmGwhg==
  /del/5.1.0:
    dependencies:
      globby: 10.0.2
      graceful-fs: 4.2.4
      is-glob: 4.0.1
      is-path-cwd: 2.2.0
      is-path-inside: 3.0.2
      p-map: 3.0.0
      rimraf: 3.0.2
      slash: 3.0.0
    dev: true
    engines:
      node: '>=8'
    resolution:
      integrity: sha512-wH9xOVHnczo9jN2IW68BabcecVPxacIA3g/7z6vhSU/4stOKQzeCRK0yD0A24WiAAUJmmVpWqrERcTxnLo3AnA==
  /dir-glob/3.0.1:
    dependencies:
      path-type: 4.0.0
    dev: true
    engines:
      node: '>=8'
    resolution:
      integrity: sha512-WkrWp9GR4KXfKGYzOLmTuGVi1UWFfws377n9cc55/tb6DuqyF6pcQ5AbiHEshaDpY9v6oaSr2XCDidGmMwdzIA==
  /dot-case/3.0.3:
    dependencies:
      no-case: 3.0.3
      tslib: 1.14.1
    dev: true
    resolution:
      integrity: sha512-7hwEmg6RiSQfm/GwPL4AAWXKy3YNNZA3oFv2Pdiey0mwkRCPZ9x6SZbkLcn8Ma5PYeVokzoD4Twv2n7LKp5WeA==
  /escape-string-regexp/1.0.5:
    dev: true
    engines:
      node: '>=0.8.0'
    resolution:
      integrity: sha1-G2HAViGQqN/2rjuyzwIAyhMLhtQ=
  /estree-walker/1.0.1:
    dev: true
    resolution:
      integrity: sha512-1fMXF3YP4pZZVozF8j/ZLfvnR8NSIljt56UhbZ5PeeDmmGHpgpdwQt7ITlGvYaQukCvuBRMLEiKiYC+oeIg4cg==
  /fast-glob/3.2.4:
    dependencies:
      '@nodelib/fs.stat': 2.0.3
      '@nodelib/fs.walk': 1.2.4
      glob-parent: 5.1.1
      merge2: 1.4.1
      micromatch: 4.0.2
      picomatch: 2.2.2
    dev: true
    engines:
      node: '>=8'
    resolution:
      integrity: sha512-kr/Oo6PX51265qeuCYsyGypiO5uJFgBS0jksyG7FUeCyQzNwYnzrNIMR1NXfkZXsMYXYLRAHgISHBz8gQcxKHQ==
  /fastq/1.9.0:
    dependencies:
      reusify: 1.0.4
    dev: true
    resolution:
      integrity: sha512-i7FVWL8HhVY+CTkwFxkN2mk3h+787ixS5S63eb78diVRc1MCssarHq3W5cj0av7YDSwmaV928RNag+U1etRQ7w==
  /fill-range/7.0.1:
    dependencies:
      to-regex-range: 5.0.1
    dev: true
    engines:
      node: '>=8'
    resolution:
      integrity: sha512-qOo9F+dMUmC2Lcb4BbVvnKJxTPjCm+RRpe4gDuGrzkL7mEVl/djYSu2OdQ2Pa302N4oqkSg9ir6jaLWJ2USVpQ==
  /fs-extra/9.0.1:
    dependencies:
      at-least-node: 1.0.0
      graceful-fs: 4.2.4
      jsonfile: 6.1.0
      universalify: 1.0.0
    dev: true
    engines:
      node: '>=10'
    resolution:
      integrity: sha512-h2iAoN838FqAFJY2/qVpzFXy+EBxfVE220PalAqQLDVsFOHLJrZvut5puAbCdNv6WJk+B8ihI+k0c7JK5erwqQ==
  /fs.realpath/1.0.0:
    dev: true
    resolution:
      integrity: sha1-FQStJSMVjKpA20onh8sBQRmU6k8=
  /fsevents/2.1.3:
    dev: true
    engines:
      node: ^8.16.0 || ^10.6.0 || >=11.0.0
    optional: true
    os:
      - darwin
    resolution:
      integrity: sha512-Auw9a4AxqWpa9GUfj370BMPzzyncfBABW8Mab7BGWBYDj4Isgq+cDKtx0i6u9jcX9pQDnswsaaOTgTmA5pEjuQ==
  /function-bind/1.1.1:
    dev: true
    resolution:
      integrity: sha512-yIovAzMX49sF8Yl58fSCWJ5svSLuaibPxXQJFLmBObTuCr0Mf1KiPopGM9NiFjiYBCbfaa2Fh6breQ6ANVTI0A==
  /gensync/1.0.0-beta.2:
    dev: true
    engines:
      node: '>=6.9.0'
    resolution:
      integrity: sha512-3hN7NaskYvMDLQY55gnW3NQ+mesEAepTqlg+VEbj7zzqEMBVNhzcGYYeqFo/TlYz6eQiFcp1HcsCZO+nGgS8zg==
  /glob-parent/5.1.1:
    dependencies:
      is-glob: 4.0.1
    dev: true
    engines:
      node: '>= 6'
    resolution:
      integrity: sha512-FnI+VGOpnlGHWZxthPGR+QhR78fuiK0sNLkHQv+bL9fQi57lNNdquIbna/WrfROrolq8GK5Ek6BiMwqL/voRYQ==
  /glob/7.1.6:
    dependencies:
      fs.realpath: 1.0.0
      inflight: 1.0.6
      inherits: 2.0.4
      minimatch: 3.0.4
      once: 1.4.0
      path-is-absolute: 1.0.1
    dev: true
    resolution:
      integrity: sha512-LwaxwyZ72Lk7vZINtNNrywX0ZuLyStrdDtabefZKAY5ZGJhVtgdznluResxNmPitE0SAO+O26sWTHeKSI2wMBA==
  /globals/11.12.0:
    dev: true
    engines:
      node: '>=4'
    resolution:
      integrity: sha512-WOBp/EEGUiIsJSp7wcv/y6MO+lV9UoncWqxuFfm8eBwzWNgyfBd6Gz+IeKQ9jCmyhoH99g15M3T+QaVHFjizVA==
  /globby/10.0.2:
    dependencies:
      '@types/glob': 7.1.3
      array-union: 2.1.0
      dir-glob: 3.0.1
      fast-glob: 3.2.4
      glob: 7.1.6
      ignore: 5.1.8
      merge2: 1.4.1
      slash: 3.0.0
    dev: true
    engines:
      node: '>=8'
    resolution:
      integrity: sha512-7dUi7RvCoT/xast/o/dLN53oqND4yk0nsHkhRgn9w65C4PofCLOoJ39iSOg+qVDdWQPIEj+eszMHQ+aLVwwQSg==
  /graceful-fs/4.2.4:
    dev: true
    resolution:
      integrity: sha512-WjKPNJF79dtJAVniUlGGWHYGz2jWxT6VhN/4m1NdkbZ2nOsEF+cI1Edgql5zCRhs/VsQYRvrXctxktVXZUkixw==
  /has-flag/3.0.0:
    dev: true
    engines:
      node: '>=4'
    resolution:
      integrity: sha1-tdRU3CGZriJWmfNGfloH87lVuv0=
  /has-flag/4.0.0:
    dev: true
    engines:
      node: '>=8'
    resolution:
      integrity: sha512-EykJT/Q1KjTWctppgIAgfSO0tKVuZUjhgMr17kqTumMl6Afv3EISleU7qZUzoXDFTAHTDC4NOoG/ZxU3EvlMPQ==
  /has/1.0.3:
    dependencies:
      function-bind: 1.1.1
    dev: true
    engines:
      node: '>= 0.4.0'
    resolution:
      integrity: sha512-f2dvO0VU6Oej7RkWJGrehjbzMAjFp5/VKPp5tTpWIV4JHHZK1/BxbFRtf/siA2SWTe09caDmVtYYzWEIbBS4zw==
  /header-case/2.0.3:
    dependencies:
      capital-case: 1.0.3
      tslib: 1.14.1
    dev: true
    resolution:
      integrity: sha512-LChe/V32mnUQnTwTxd3aAlNMk8ia9tjCDb/LjYtoMrdAPApxLB+azejUk5ERZIZdIqvinwv6BAUuFXH/tQPdZA==
  /ignore/5.1.8:
    dev: true
    engines:
      node: '>= 4'
    resolution:
      integrity: sha512-BMpfD7PpiETpBl/A6S498BaIJ6Y/ABT93ETbby2fP00v4EbvPBXWEoaR1UBPKs3iR53pJY7EtZk5KACI57i1Uw==
  /indent-string/4.0.0:
    dev: true
    engines:
      node: '>=8'
    resolution:
      integrity: sha512-EdDDZu4A2OyIK7Lr/2zG+w5jmbuk1DVBnEwREQvBzspBJkCEbRa8GxU1lghYcaGJCnRWibjDXlq779X1/y5xwg==
  /inflight/1.0.6:
    dependencies:
      once: 1.4.0
      wrappy: 1.0.2
    dev: true
    resolution:
      integrity: sha1-Sb1jMdfQLQwJvJEKEHW6gWW1bfk=
  /inherits/2.0.4:
    dev: true
    resolution:
      integrity: sha512-k/vGaX4/Yla3WzyMCvTQOXYeIHvqOKtnqBduzTHpzpQZzAskKMhZ2K+EnBiSM9zGSoIFeMpXKxa4dYeZIQqewQ==
  /is-core-module/2.2.0:
    dependencies:
      has: 1.0.3
    dev: true
    resolution:
      integrity: sha512-XRAfAdyyY5F5cOXn7hYQDqh2Xmii+DEfIcQGxK/uNwMHhIkPWO0g8msXcbzLe+MpGoR951MlqM/2iIlU4vKDdQ==
  /is-extglob/2.1.1:
    dev: true
    engines:
      node: '>=0.10.0'
    resolution:
      integrity: sha1-qIwCU1eR8C7TfHahueqXc8gz+MI=
  /is-glob/4.0.1:
    dependencies:
      is-extglob: 2.1.1
    dev: true
    engines:
      node: '>=0.10.0'
    resolution:
      integrity: sha512-5G0tKtBTFImOqDnLB2hG6Bp2qcKEFduo4tZu9MT/H6NQv/ghhy30o55ufafxJ/LdH79LLs2Kfrn85TLKyA7BUg==
  /is-module/1.0.0:
    dev: true
    resolution:
      integrity: sha1-Mlj7afeMFNW4FdZkM2tM/7ZEFZE=
  /is-number/7.0.0:
    dev: true
    engines:
      node: '>=0.12.0'
    resolution:
      integrity: sha512-41Cifkg6e8TylSpdtTpeLVMqvSBEVzTttHvERD741+pnZ8ANv0004MRL43QKPDlK9cGvNp6NZWZUBlbGXYxxng==
  /is-path-cwd/2.2.0:
    dev: true
    engines:
      node: '>=6'
    resolution:
      integrity: sha512-w942bTcih8fdJPJmQHFzkS76NEP8Kzzvmw92cXsazb8intwLqPibPPdXf4ANdKV3rYMuuQYGIWtvz9JilB3NFQ==
  /is-path-inside/3.0.2:
    dev: true
    engines:
      node: '>=8'
    resolution:
      integrity: sha512-/2UGPSgmtqwo1ktx8NDHjuPwZWmHhO+gj0f93EkhLB5RgW9RZevWYYlIkS6zePc6U2WpOdQYIwHe9YC4DWEBVg==
  /jest-worker/26.6.2:
    dependencies:
      '@types/node': 14.14.10
      merge-stream: 2.0.0
      supports-color: 7.2.0
    dev: true
    engines:
      node: '>= 10.13.0'
    resolution:
      integrity: sha512-KWYVV1c4i+jbMpaBC+U++4Va0cp8OisU185o73T1vo99hqi7w8tSJfUXYswwqqrjzwxa6KpRK54WhPvwf5w6PQ==
  /jiti/0.1.17:
    dev: true
    hasBin: true
    resolution:
      integrity: sha512-IlUGuEHKA44dqJoSqpv1poIRyyi31ciEmpLlRZCmo9TasVSZhwfmaVUuQVs26EHuwYdx+NirOm41+wbykH/+9Q==
  /js-tokens/4.0.0:
    dev: true
    resolution:
      integrity: sha512-RdJUflcE3cUzKiMqQgsCu06FPu9UdIJO0beYbPhHN4k6apgJtifcoCtT9bcxOpYBtpD2kCM6Sbzg4CausW/PKQ==
  /jsesc/2.5.2:
    dev: true
    engines:
      node: '>=4'
    hasBin: true
    resolution:
      integrity: sha512-OYu7XEzjkCQ3C5Ps3QIZsQfNpqoJyZZA99wd9aWd05NCtC5pWOkShK2mkL6HXQR6/Cy2lbNdPlZBpuQHXE63gA==
  /json5/2.1.3:
    dependencies:
      minimist: 1.2.5
    dev: true
    engines:
      node: '>=6'
    hasBin: true
    resolution:
      integrity: sha512-KXPvOm8K9IJKFM0bmdn8QXh7udDh1g/giieX0NLCaMnb4hEiVFqnop2ImTXCc5e0/oHz3LTqmHGtExn5hfMkOA==
  /jsonfile/6.1.0:
    dependencies:
      universalify: 2.0.0
    dev: true
    optionalDependencies:
      graceful-fs: 4.2.4
    resolution:
      integrity: sha512-5dgndWOriYSm5cnYaJNhalLNDKOqFwyDB/rr1E9ZsGciGvKPs8R2xYGCacuf3z6K1YKDz182fd+fY3cn3pMqXQ==
  /lodash/4.17.20:
    dev: true
    resolution:
      integrity: sha512-PlhdFcillOINfeV7Ni6oF1TAEayyZBoZ8bcshTHqOYJYlrqzRK5hagpagky5o4HfCzzd1TRkXPMFq6cKk9rGmA==
  /lower-case/2.0.1:
    dependencies:
      tslib: 1.14.1
    dev: true
    resolution:
      integrity: sha512-LiWgfDLLb1dwbFQZsSglpRj+1ctGnayXz3Uv0/WO8n558JycT5fg6zkNcnW0G68Nn0aEldTFeEfmjCfmqry/rQ==
  /merge-stream/2.0.0:
    dev: true
    resolution:
      integrity: sha512-abv/qOcuPfk3URPfDzmZU1LKmuw8kT+0nIHvKrKgFrwifol/doWcdA4ZqsWQ8ENrFKkd67Mfpo/LovbIUsbt3w==
  /merge2/1.4.1:
    dev: true
    engines:
      node: '>= 8'
    resolution:
      integrity: sha512-8q7VEgMJW4J8tcfVPy8g09NcQwZdbwFEqhe/WZkoIzjn/3TGDwtOCYtXGxA3O8tPzpczCCDgv+P2P5y00ZJOOg==
  /micromatch/4.0.2:
    dependencies:
      braces: 3.0.2
      picomatch: 2.2.2
    dev: true
    engines:
      node: '>=8'
    resolution:
      integrity: sha512-y7FpHSbMUMoyPbYUSzO6PaZ6FyRnQOpHuKwbo1G+Knck95XVU4QAiKdGEnj5wwoS7PlOgthX/09u5iFJ+aYf5Q==
  /minimatch/3.0.4:
    dependencies:
      brace-expansion: 1.1.11
    dev: true
    resolution:
      integrity: sha512-yJHVQEhyqPLUTgt9B83PXu6W3rx4MvvHvSUvToogpwoGDOUQ+yDrR0HRot+yOCdCO7u4hX3pWft6kWBBcqh0UA==
  /minimist/1.2.5:
    dev: true
    resolution:
      integrity: sha512-FM9nNUYrRBAELZQT3xeZQ7fmMOBg6nWNmJKTcgsJeaLstP/UODVpGsr5OhXhhXg6f+qtJ8uiZ+PUxkDWcgIXLw==
  /ms/2.1.2:
    dev: true
    resolution:
      integrity: sha512-sGkPx+VjMtmA6MX27oA4FBFELFCZZ4S4XqeGOXCv68tT+jb3vk/RyaKWP0PTKyWtmLSM0b+adUTEvbs1PEaH2w==
  /no-case/3.0.3:
    dependencies:
      lower-case: 2.0.1
      tslib: 1.14.1
    dev: true
    resolution:
      integrity: sha512-ehY/mVQCf9BL0gKfsJBvFJen+1V//U+0HQMPrWct40ixE4jnv0bfvxDbWtAHL9EcaPEOJHVVYKoQn1TlZUB8Tw==
  /once/1.4.0:
    dependencies:
      wrappy: 1.0.2
    dev: true
    resolution:
      integrity: sha1-WDsap3WWHUsROsF9nFC6753Xa9E=
  /p-map/3.0.0:
    dependencies:
      aggregate-error: 3.1.0
    dev: true
    engines:
      node: '>=8'
    resolution:
      integrity: sha512-d3qXVTF/s+W+CdJ5A29wywV2n8CQQYahlgz2bFiA+4eVNJbHJodPZ+/gXwPGh0bOqA+j8S+6+ckmvLGPk1QpxQ==
  /param-case/3.0.3:
    dependencies:
      dot-case: 3.0.3
      tslib: 1.14.1
    dev: true
    resolution:
      integrity: sha512-VWBVyimc1+QrzappRs7waeN2YmoZFCGXWASRYX1/rGHtXqEcrGEIDm+jqIwFa2fRXNgQEwrxaYuIrX0WcAguTA==
  /pascal-case/3.1.1:
    dependencies:
      no-case: 3.0.3
      tslib: 1.14.1
    dev: true
    resolution:
      integrity: sha512-XIeHKqIrsquVTQL2crjq3NfJUxmdLasn3TYOU0VBM+UX2a6ztAWBlJQBePLGY7VHW8+2dRadeIPK5+KImwTxQA==
  /path-case/3.0.3:
    dependencies:
      dot-case: 3.0.3
      tslib: 1.14.1
    dev: true
    resolution:
      integrity: sha512-UMFU6UETFpCNWbIWNczshPrnK/7JAXBP2NYw80ojElbQ2+JYxdqWDBkvvqM93u4u6oLmuJ/tPOf2tM8KtXv4eg==
  /path-is-absolute/1.0.1:
    dev: true
    engines:
      node: '>=0.10.0'
    resolution:
      integrity: sha1-F0uSaHNVNP+8es5r9TpanhtcX18=
  /path-parse/1.0.6:
    dev: true
    resolution:
      integrity: sha512-GSmOT2EbHrINBf9SR7CDELwlJ8AENk3Qn7OikK4nFYAu3Ote2+JYNVvkpAEQm3/TLNEJFD/xZJjzyxg3KBWOzw==
  /path-type/4.0.0:
    dev: true
    engines:
      node: '>=8'
    resolution:
      integrity: sha512-gDKb8aZMDeD/tZWs9P6+q0J9Mwkdl6xMV8TjnGP3qJVJ06bdMgkbBlLU8IdfOsIsFz2BW1rNVT3XuNEl8zPAvw==
  /picomatch/2.2.2:
    dev: true
    engines:
      node: '>=8.6'
    resolution:
      integrity: sha512-q0M/9eZHzmr0AulXyPwNfZjtwZ/RBZlbN3K3CErVrk50T2ASYI7Bye0EvekFY3IP1Nt2DHu0re+V2ZHIpMkuWg==
  /randombytes/2.1.0:
    dependencies:
      safe-buffer: 5.2.1
    dev: true
    resolution:
      integrity: sha512-vYl3iOX+4CKUWuxGi9Ukhie6fsqXqS9FE2Zaic4tNFD2N2QQaXOMFbuKK4QmDHC0JO6B1Zp41J0LpT0oR68amQ==
  /resolve/1.19.0:
    dependencies:
      is-core-module: 2.2.0
      path-parse: 1.0.6
    dev: true
    resolution:
      integrity: sha512-rArEXAgsBG4UgRGcynxWIWKFvh/XZCcS8UJdHhwy91zwAvCZIbcs+vAbflgBnNjYMs/i/i+/Ux6IZhML1yPvxg==
  /reusify/1.0.4:
    dev: true
    engines:
      iojs: '>=1.0.0'
      node: '>=0.10.0'
    resolution:
      integrity: sha512-U9nH88a3fc/ekCF1l0/UP1IosiuIjyTh7hBvXVMHYgVcfGvt897Xguj2UOLDeI5BG2m7/uwyaLVT6fbtCwTyzw==
  /rimraf/3.0.2:
    dependencies:
      glob: 7.1.6
    dev: true
    hasBin: true
    resolution:
      integrity: sha512-JZkJMZkAGFFPP2YqXZXPbMlMBgsxzE8ILs4lMIX/2o0L9UBw9O/Y3o6wFw/i9YLapcUJWwqbi3kdxIPdC62TIA==
  /rollup-plugin-delete/2.0.0:
    dependencies:
      del: 5.1.0
    dev: true
    engines:
      node: '>=10'
    resolution:
      integrity: sha512-/VpLMtDy+8wwRlDANuYmDa9ss/knGsAgrDhM+tEwB1npHwNu4DYNmDfUL55csse/GHs9Q+SMT/rw9uiaZ3pnzA==
  /rollup-plugin-terser/7.0.2_rollup@2.34.0:
    dependencies:
      '@babel/code-frame': 7.10.4
      jest-worker: 26.6.2
      rollup: 2.34.0
      serialize-javascript: 4.0.0
      terser: 5.5.1
    dev: true
    peerDependencies:
      rollup: ^2.0.0
    resolution:
      integrity: sha512-w3iIaU4OxcF52UUXiZNsNeuXIMDvFrr+ZXK6bFZ0Q60qyVfq4uLptoS4bbq3paG3x216eQllFZX7zt6TIImguQ==
  /rollup/2.34.0:
    dev: true
    engines:
      node: '>=10.0.0'
    hasBin: true
    optionalDependencies:
      fsevents: 2.1.3
    resolution:
      integrity: sha512-dW5iLvttZzdVehjEuNJ1bWvuMEJjOWGmnuFS82WeKHTGXDkRHQeq/ExdifkSyJv9dLcR86ysKRmrIDyR6O0X8g==
  /run-parallel/1.1.10:
    dev: true
    resolution:
      integrity: sha512-zb/1OuZ6flOlH6tQyMPUrE3x3Ulxjlo9WIVXR4yVYi4H9UXQaeIsPbLn2R3O3vQCnDKkAl2qHiuocKKX4Tz/Sw==
  /safe-buffer/5.1.2:
    dev: true
    resolution:
      integrity: sha512-Gd2UZBJDkXlY7GbJxfsE8/nvKkUEU1G38c1siN6QP6a9PT9MmHB8GnpscSmMJSoF8LOIrt8ud/wPtojys4G6+g==
  /safe-buffer/5.2.1:
    dev: true
    resolution:
      integrity: sha512-rp3So07KcdmmKbGvgaNxQSJr7bGVSVk5S9Eq1F+ppbRo70+YeaDxkw5Dd8NPN+GD6bjnYm2VuPuCXmpuYvmCXQ==
  /semver/5.7.1:
    dev: true
    hasBin: true
    resolution:
      integrity: sha512-sauaDf/PZdVgrLTNYHRtpXa1iRiKcaebiKQ1BJdpQlWH2lCvexQdX55snPFyK7QzpudqbCI0qXFfOasHdyNDGQ==
  /sentence-case/3.0.3:
    dependencies:
      no-case: 3.0.3
      tslib: 1.14.1
      upper-case-first: 2.0.1
    dev: true
    resolution:
      integrity: sha512-ZPr4dgTcNkEfcGOMFQyDdJrTU9uQO1nb1cjf+nuzb6FxgMDgKddZOM29qEsB7jvsZSMruLRcL2KfM4ypKpa0LA==
  /serialize-javascript/4.0.0:
    dependencies:
      randombytes: 2.1.0
    dev: true
    resolution:
      integrity: sha512-GaNA54380uFefWghODBWEGisLZFj00nS5ACs6yHa9nLqlLpVLO8ChDGeKRjZnV4Nh4n0Qi7nhYZD/9fCPzEqkw==
  /slash/3.0.0:
    dev: true
    engines:
      node: '>=8'
    resolution:
      integrity: sha512-g9Q1haeby36OSStwb4ntCGGGaKsaVSjQ68fBxoQcutl5fS1vuY18H3wSt3jFyFtrkx+Kz0V1G85A4MyAdDMi2Q==
  /snake-case/3.0.3:
    dependencies:
      dot-case: 3.0.3
      tslib: 1.14.1
    dev: true
    resolution:
      integrity: sha512-WM1sIXEO+rsAHBKjGf/6R1HBBcgbncKS08d2Aqec/mrDSpU80SiOU41hO7ny6DToHSyrlwTYzQBIK1FPSx4Y3Q==
  /solid-js/0.22.8:
    dev: false
    resolution:
      integrity: sha512-/htwxsPH2Chay4eRPX/zX7r9eiUIKsOcGAXNm7p9ZfsIXnssm8pTXKtWzQolkcPxKOF1W0jJfnjgjtFSb+DpGA==
  /source-map-support/0.5.19:
    dependencies:
      buffer-from: 1.1.1
      source-map: 0.6.1
    dev: true
    resolution:
      integrity: sha512-Wonm7zOCIJzBGQdB+thsPar0kYuCIzYvxZwlBa87yi/Mdjv7Tip2cyVbLj5o0cFPN4EVkuTwb3GDDyUx2DGnGw==
  /source-map/0.5.7:
    dev: true
    engines:
      node: '>=0.10.0'
    resolution:
      integrity: sha1-igOdLRAh0i0eoUyA2OpGi6LvP8w=
  /source-map/0.6.1:
    dev: true
    engines:
      node: '>=0.10.0'
    resolution:
      integrity: sha512-UjgapumWlbMhkBgzT7Ykc5YXUT46F0iKu8SGXq0bcwP5dz/h0Plj6enJqjz1Zbq2l5WaqYnrVbwWOWMyF3F47g==
  /source-map/0.7.3:
    dev: true
    engines:
      node: '>= 8'
    resolution:
      integrity: sha512-CkCj6giN3S+n9qrYiBTX5gystlENnRW5jZeNLHpe6aue+SrHcG5VYwujhW9s4dY31mEGsxBDrHR6oI69fTXsaQ==
  /supports-color/5.5.0:
    dependencies:
      has-flag: 3.0.0
    dev: true
    engines:
      node: '>=4'
    resolution:
      integrity: sha512-QjVjwdXIt408MIiAqCX4oUKsgU2EqAGzs2Ppkm4aQYbjm+ZEWEcW4SfFNTr4uMNZma0ey4f5lgLrkB0aX0QMow==
  /supports-color/7.2.0:
    dependencies:
      has-flag: 4.0.0
    dev: true
    engines:
      node: '>=8'
    resolution:
      integrity: sha512-qpCAvRl9stuOHveKsn7HncJRvv501qIacKzQlO/+Lwxc9+0q2wLyv4Dfvt80/DPn2pqOBsJdDiogXGR9+OvwRw==
  /terser/5.5.1:
    dependencies:
      commander: 2.20.3
      source-map: 0.7.3
      source-map-support: 0.5.19
    dev: true
    engines:
      node: '>=10'
    hasBin: true
    resolution:
      integrity: sha512-6VGWZNVP2KTUcltUQJ25TtNjx/XgdDsBDKGt8nN0MpydU36LmbPPcMBd2kmtZNNGVVDLg44k7GKeHHj+4zPIBQ==
  /to-fast-properties/2.0.0:
    dev: true
    engines:
      node: '>=4'
    resolution:
      integrity: sha1-3F5pjL0HkmW8c+A3doGk5Og/YW4=
  /to-regex-range/5.0.1:
    dependencies:
      is-number: 7.0.0
    dev: true
    engines:
      node: '>=8.0'
    resolution:
      integrity: sha512-65P7iz6X5yEr1cwcgvQxbbIw7Uk3gOy5dIdtZ4rDveLqhrdJP+Li/Hx6tyK0NEb+2GCyneCMJiGqrADCSNk8sQ==
  /tslib/1.14.1:
    dev: true
    resolution:
      integrity: sha512-Xni35NKzjgMrwevysHTCArtLDpPvye8zV/0E4EyYn43P7/7qvQwPh9BGkHewbMulVntbigmcT7rdX3BNo9wRJg==
  /typescript/4.1.2:
    dev: true
    engines:
      node: '>=4.2.0'
    hasBin: true
    resolution:
      integrity: sha512-thGloWsGH3SOxv1SoY7QojKi0tc+8FnOmiarEGMbd/lar7QOEd3hvlx3Fp5y6FlDUGl9L+pd4n2e+oToGMmhRQ==
  /universalify/1.0.0:
    dev: true
    engines:
      node: '>= 10.0.0'
    resolution:
      integrity: sha512-rb6X1W158d7pRQBg5gkR8uPaSfiids68LTJQYOtEUhoJUWBdaQHsuT/EUduxXYxcrt4r5PJ4fuHW1MHT6p0qug==
  /universalify/2.0.0:
    dev: true
    engines:
      node: '>= 10.0.0'
    resolution:
      integrity: sha512-hAZsKq7Yy11Zu1DE0OzWjw7nnLZmJZYTDZZyEFHZdUhV8FkH5MCfoU1XMaxXovpyW5nq5scPqq0ZDP9Zyl04oQ==
  /upper-case-first/2.0.1:
    dependencies:
      tslib: 1.14.1
    dev: true
    resolution:
      integrity: sha512-105J8XqQ+9RxW3l9gHZtgve5oaiR9TIwvmZAMAIZWRHe00T21cdvewKORTlOJf/zXW6VukuTshM+HXZNWz7N5w==
  /upper-case/2.0.1:
    dependencies:
      tslib: 1.14.1
    dev: true
    resolution:
      integrity: sha512-laAsbea9SY5osxrv7S99vH9xAaJKrw5Qpdh4ENRLcaxipjKsiaBwiAsxfa8X5mObKNTQPsupSq0J/VIxsSJe3A==
  /wrappy/1.0.2:
    dev: true
    resolution:
      integrity: sha1-tSQ9jz7BqjXxNkYFvA0QNuMKtp8=
specifiers:
  '@babel/core': ^7.12.3
  '@babel/preset-typescript': ^7.12.1
  '@babel/types': ^7.12.6
  '@rollup/plugin-babel': ^5.2.1
  '@rollup/plugin-node-resolve': ^10.0.0
  '@types/dedent': ^0.7.0
  '@types/degit': ^2.8.0
  '@types/fs-extra': ^9.0.4
  babel-preset-solid: ^0.22.7
  change-case: ^4.1.1
  dedent: ^0.7.0
  degit: ^2.8.0
  fs-extra: ^9.0.1
  jiti: ^0.1.17
  rollup: ^2.33.1
  rollup-plugin-delete: ^2.0.0
  rollup-plugin-terser: ^7.0.2
  solid-js: ^0.22.8
  typescript: ^4.0.5
